# THIS IS AN AUTOGENERATED FILE. DO NOT EDIT THIS FILE DIRECTLY.
# yarn lockfile v1


"@babel/code-frame@^7.0.0", "@babel/code-frame@^7.5.5":
  version "7.5.5"
  resolved "https://registry.yarnpkg.com/@babel/code-frame/-/code-frame-7.5.5.tgz#bc0782f6d69f7b7d49531219699b988f669a8f9d"
  integrity sha512-27d4lZoomVyo51VegxI20xZPuSHusqbQag/ztrBC7wegWoQ1nLREPVSKSW8byhTlzTKyNE4ifaTA6lCp7JjpFw==
  dependencies:
    "@babel/highlight" "^7.0.0"

"@babel/code-frame@^7.8.3":
  version "7.8.3"
  resolved "https://registry.yarnpkg.com/@babel/code-frame/-/code-frame-7.8.3.tgz#33e25903d7481181534e12ec0a25f16b6fcf419e"
  integrity sha512-a9gxpmdXtZEInkCSHUJDLHZVBgb1QS0jhss4cPP93EW7s+uC5bikET2twEF3KV+7rDblJcmNvTR7VJejqd2C2g==
  dependencies:
    "@babel/highlight" "^7.8.3"

"@babel/core@^7.1.0":
  version "7.7.2"
  resolved "https://registry.yarnpkg.com/@babel/core/-/core-7.7.2.tgz#ea5b99693bcfc058116f42fa1dd54da412b29d91"
  integrity sha512-eeD7VEZKfhK1KUXGiyPFettgF3m513f8FoBSWiQ1xTvl1RAopLs42Wp9+Ze911I6H0N9lNqJMDgoZT7gHsipeQ==
  dependencies:
    "@babel/code-frame" "^7.5.5"
    "@babel/generator" "^7.7.2"
    "@babel/helpers" "^7.7.0"
    "@babel/parser" "^7.7.2"
    "@babel/template" "^7.7.0"
    "@babel/traverse" "^7.7.2"
    "@babel/types" "^7.7.2"
    convert-source-map "^1.7.0"
    debug "^4.1.0"
    json5 "^2.1.0"
    lodash "^4.17.13"
    resolve "^1.3.2"
    semver "^5.4.1"
    source-map "^0.5.0"

"@babel/core@^7.7.5":
  version "7.8.7"
  resolved "https://registry.yarnpkg.com/@babel/core/-/core-7.8.7.tgz#b69017d221ccdeb203145ae9da269d72cf102f3b"
  integrity sha512-rBlqF3Yko9cynC5CCFy6+K/w2N+Sq/ff2BPy+Krp7rHlABIr5epbA7OxVeKoMHB39LZOp1UY5SuLjy6uWi35yA==
  dependencies:
    "@babel/code-frame" "^7.8.3"
    "@babel/generator" "^7.8.7"
    "@babel/helpers" "^7.8.4"
    "@babel/parser" "^7.8.7"
    "@babel/template" "^7.8.6"
    "@babel/traverse" "^7.8.6"
    "@babel/types" "^7.8.7"
    convert-source-map "^1.7.0"
    debug "^4.1.0"
    gensync "^1.0.0-beta.1"
    json5 "^2.1.0"
    lodash "^4.17.13"
    resolve "^1.3.2"
    semver "^5.4.1"
    source-map "^0.5.0"

"@babel/generator@^7.7.2":
  version "7.7.2"
  resolved "https://registry.yarnpkg.com/@babel/generator/-/generator-7.7.2.tgz#2f4852d04131a5e17ea4f6645488b5da66ebf3af"
  integrity sha512-WthSArvAjYLz4TcbKOi88me+KmDJdKSlfwwN8CnUYn9jBkzhq0ZEPuBfkAWIvjJ3AdEV1Cf/+eSQTnp3IDJKlQ==
  dependencies:
    "@babel/types" "^7.7.2"
    jsesc "^2.5.1"
    lodash "^4.17.13"
    source-map "^0.5.0"

"@babel/generator@^7.8.6", "@babel/generator@^7.8.7":
  version "7.8.8"
  resolved "https://registry.yarnpkg.com/@babel/generator/-/generator-7.8.8.tgz#cdcd58caab730834cee9eeadb729e833b625da3e"
  integrity sha512-HKyUVu69cZoclptr8t8U5b6sx6zoWjh8jiUhnuj3MpZuKT2dJ8zPTuiy31luq32swhI0SpwItCIlU8XW7BZeJg==
  dependencies:
    "@babel/types" "^7.8.7"
    jsesc "^2.5.1"
    lodash "^4.17.13"
    source-map "^0.5.0"

"@babel/helper-function-name@^7.7.0":
  version "7.7.0"
  resolved "https://registry.yarnpkg.com/@babel/helper-function-name/-/helper-function-name-7.7.0.tgz#44a5ad151cfff8ed2599c91682dda2ec2c8430a3"
  integrity sha512-tDsJgMUAP00Ugv8O2aGEua5I2apkaQO7lBGUq1ocwN3G23JE5Dcq0uh3GvFTChPa4b40AWiAsLvCZOA2rdnQ7Q==
  dependencies:
    "@babel/helper-get-function-arity" "^7.7.0"
    "@babel/template" "^7.7.0"
    "@babel/types" "^7.7.0"

"@babel/helper-function-name@^7.8.3":
  version "7.8.3"
  resolved "https://registry.yarnpkg.com/@babel/helper-function-name/-/helper-function-name-7.8.3.tgz#eeeb665a01b1f11068e9fb86ad56a1cb1a824cca"
  integrity sha512-BCxgX1BC2hD/oBlIFUgOCQDOPV8nSINxCwM3o93xP4P9Fq6aV5sgv2cOOITDMtCfQ+3PvHp3l689XZvAM9QyOA==
  dependencies:
    "@babel/helper-get-function-arity" "^7.8.3"
    "@babel/template" "^7.8.3"
    "@babel/types" "^7.8.3"

"@babel/helper-get-function-arity@^7.7.0":
  version "7.7.0"
  resolved "https://registry.yarnpkg.com/@babel/helper-get-function-arity/-/helper-get-function-arity-7.7.0.tgz#c604886bc97287a1d1398092bc666bc3d7d7aa2d"
  integrity sha512-tLdojOTz4vWcEnHWHCuPN5P85JLZWbm5Fx5ZsMEMPhF3Uoe3O7awrbM2nQ04bDOUToH/2tH/ezKEOR8zEYzqyw==
  dependencies:
    "@babel/types" "^7.7.0"

"@babel/helper-get-function-arity@^7.8.3":
  version "7.8.3"
  resolved "https://registry.yarnpkg.com/@babel/helper-get-function-arity/-/helper-get-function-arity-7.8.3.tgz#b894b947bd004381ce63ea1db9f08547e920abd5"
  integrity sha512-FVDR+Gd9iLjUMY1fzE2SR0IuaJToR4RkCDARVfsBBPSP53GEqSFjD8gNyxg246VUyc/ALRxFaAK8rVG7UT7xRA==
  dependencies:
    "@babel/types" "^7.8.3"

"@babel/helper-plugin-utils@^7.0.0":
  version "7.0.0"
  resolved "https://registry.yarnpkg.com/@babel/helper-plugin-utils/-/helper-plugin-utils-7.0.0.tgz#bbb3fbee98661c569034237cc03967ba99b4f250"
  integrity sha512-CYAOUCARwExnEixLdB6sDm2dIJ/YgEAKDM1MOeMeZu9Ld/bDgVo8aiWrXwcY7OBh+1Ea2uUcVRcxKk0GJvW7QA==

"@babel/helper-plugin-utils@^7.8.0":
  version "7.8.3"
  resolved "https://registry.yarnpkg.com/@babel/helper-plugin-utils/-/helper-plugin-utils-7.8.3.tgz#9ea293be19babc0f52ff8ca88b34c3611b208670"
  integrity sha512-j+fq49Xds2smCUNYmEHF9kGNkhbet6yVIBp4e6oeQpH1RUs/Ir06xUKzDjDkGcaaokPiTNs2JBWHjaE4csUkZQ==

"@babel/helper-split-export-declaration@^7.7.0":
  version "7.7.0"
  resolved "https://registry.yarnpkg.com/@babel/helper-split-export-declaration/-/helper-split-export-declaration-7.7.0.tgz#1365e74ea6c614deeb56ebffabd71006a0eb2300"
  integrity sha512-HgYSI8rH08neWlAH3CcdkFg9qX9YsZysZI5GD8LjhQib/mM0jGOZOVkoUiiV2Hu978fRtjtsGsW6w0pKHUWtqA==
  dependencies:
    "@babel/types" "^7.7.0"

"@babel/helper-split-export-declaration@^7.8.3":
  version "7.8.3"
  resolved "https://registry.yarnpkg.com/@babel/helper-split-export-declaration/-/helper-split-export-declaration-7.8.3.tgz#31a9f30070f91368a7182cf05f831781065fc7a9"
  integrity sha512-3x3yOeyBhW851hroze7ElzdkeRXQYQbFIb7gLK1WQYsw2GWDay5gAJNw1sWJ0VFP6z5J1whqeXH/WCdCjZv6dA==
  dependencies:
    "@babel/types" "^7.8.3"

"@babel/helpers@^7.7.0":
  version "7.7.0"
  resolved "https://registry.yarnpkg.com/@babel/helpers/-/helpers-7.7.0.tgz#359bb5ac3b4726f7c1fde0ec75f64b3f4275d60b"
  integrity sha512-VnNwL4YOhbejHb7x/b5F39Zdg5vIQpUUNzJwx0ww1EcVRt41bbGRZWhAURrfY32T5zTT3qwNOQFWpn+P0i0a2g==
  dependencies:
    "@babel/template" "^7.7.0"
    "@babel/traverse" "^7.7.0"
    "@babel/types" "^7.7.0"

"@babel/helpers@^7.8.4":
  version "7.8.4"
  resolved "https://registry.yarnpkg.com/@babel/helpers/-/helpers-7.8.4.tgz#754eb3ee727c165e0a240d6c207de7c455f36f73"
  integrity sha512-VPbe7wcQ4chu4TDQjimHv/5tj73qz88o12EPkO2ValS2QiQS/1F2SsjyIGNnAD0vF/nZS6Cf9i+vW6HIlnaR8w==
  dependencies:
    "@babel/template" "^7.8.3"
    "@babel/traverse" "^7.8.4"
    "@babel/types" "^7.8.3"

"@babel/highlight@^7.0.0":
  version "7.5.0"
  resolved "https://registry.yarnpkg.com/@babel/highlight/-/highlight-7.5.0.tgz#56d11312bd9248fa619591d02472be6e8cb32540"
  integrity sha512-7dV4eu9gBxoM0dAnj/BCFDW9LFU0zvTrkq0ugM7pnHEgguOEeOz1so2ZghEdzviYzQEED0r4EAgpsBChKy1TRQ==
  dependencies:
    chalk "^2.0.0"
    esutils "^2.0.2"
    js-tokens "^4.0.0"

"@babel/highlight@^7.8.3":
  version "7.8.3"
  resolved "https://registry.yarnpkg.com/@babel/highlight/-/highlight-7.8.3.tgz#28f173d04223eaaa59bc1d439a3836e6d1265797"
  integrity sha512-PX4y5xQUvy0fnEVHrYOarRPXVWafSjTW9T0Hab8gVIawpl2Sj0ORyrygANq+KjcNlSSTw0YCLSNA8OyZ1I4yEg==
  dependencies:
    chalk "^2.0.0"
    esutils "^2.0.2"
    js-tokens "^4.0.0"

"@babel/parser@^7.1.0", "@babel/parser@^7.7.0", "@babel/parser@^7.7.2":
  version "7.7.3"
  resolved "https://registry.yarnpkg.com/@babel/parser/-/parser-7.7.3.tgz#5fad457c2529de476a248f75b0f090b3060af043"
  integrity sha512-bqv+iCo9i+uLVbI0ILzKkvMorqxouI+GbV13ivcARXn9NNEabi2IEz912IgNpT/60BNXac5dgcfjb94NjsF33A==

"@babel/parser@^7.7.5", "@babel/parser@^7.8.6", "@babel/parser@^7.8.7":
  version "7.8.8"
  resolved "https://registry.yarnpkg.com/@babel/parser/-/parser-7.8.8.tgz#4c3b7ce36db37e0629be1f0d50a571d2f86f6cd4"
  integrity sha512-mO5GWzBPsPf6865iIbzNE0AvkKF3NE+2S3eRUpE+FE07BOAkXh6G+GW/Pj01hhXjve1WScbaIO4UlY1JKeqCcA==

"@babel/plugin-syntax-bigint@^7.0.0":
  version "7.8.3"
  resolved "https://registry.yarnpkg.com/@babel/plugin-syntax-bigint/-/plugin-syntax-bigint-7.8.3.tgz#4c9a6f669f5d0cdf1b90a1671e9a146be5300cea"
  integrity sha512-wnTnFlG+YxQm3vDxpGE57Pj0srRU4sHE/mDkt1qv2YJJSeUAec2ma4WLUnUPeKjyrfntVwe/N6dCXpU+zL3Npg==
  dependencies:
    "@babel/helper-plugin-utils" "^7.8.0"

"@babel/plugin-syntax-object-rest-spread@^7.0.0":
  version "7.2.0"
  resolved "https://registry.yarnpkg.com/@babel/plugin-syntax-object-rest-spread/-/plugin-syntax-object-rest-spread-7.2.0.tgz#3b7a3e733510c57e820b9142a6579ac8b0dfad2e"
  integrity sha512-t0JKGgqk2We+9may3t0xDdmneaXmyxq0xieYcKHxIsrJO64n1OiMWNUtc5gQK1PA0NpdCRrtZp4z+IUaKugrSA==
  dependencies:
    "@babel/helper-plugin-utils" "^7.0.0"

"@babel/runtime@^7.6.3":
  version "7.7.7"
  resolved "https://registry.yarnpkg.com/@babel/runtime/-/runtime-7.7.7.tgz#194769ca8d6d7790ec23605af9ee3e42a0aa79cf"
  integrity sha512-uCnC2JEVAu8AKB5do1WRIsvrdJ0flYx/A/9f/6chdacnEZ7LmavjdsDXr5ksYBegxtuTPR5Va9/+13QF/kFkCA==
  dependencies:
    regenerator-runtime "^0.13.2"

"@babel/template@^7.7.0":
  version "7.7.0"
  resolved "https://registry.yarnpkg.com/@babel/template/-/template-7.7.0.tgz#4fadc1b8e734d97f56de39c77de76f2562e597d0"
  integrity sha512-OKcwSYOW1mhWbnTBgQY5lvg1Fxg+VyfQGjcBduZFljfc044J5iDlnDSfhQ867O17XHiSCxYHUxHg2b7ryitbUQ==
  dependencies:
    "@babel/code-frame" "^7.0.0"
    "@babel/parser" "^7.7.0"
    "@babel/types" "^7.7.0"

"@babel/template@^7.7.4", "@babel/template@^7.8.3", "@babel/template@^7.8.6":
  version "7.8.6"
  resolved "https://registry.yarnpkg.com/@babel/template/-/template-7.8.6.tgz#86b22af15f828dfb086474f964dcc3e39c43ce2b"
  integrity sha512-zbMsPMy/v0PWFZEhQJ66bqjhH+z0JgMoBWuikXybgG3Gkd/3t5oQ1Rw2WQhnSrsOmsKXnZOx15tkC4qON/+JPg==
  dependencies:
    "@babel/code-frame" "^7.8.3"
    "@babel/parser" "^7.8.6"
    "@babel/types" "^7.8.6"

"@babel/traverse@^7.1.0", "@babel/traverse@^7.7.0", "@babel/traverse@^7.7.2":
  version "7.7.2"
  resolved "https://registry.yarnpkg.com/@babel/traverse/-/traverse-7.7.2.tgz#ef0a65e07a2f3c550967366b3d9b62a2dcbeae09"
  integrity sha512-TM01cXib2+rgIZrGJOLaHV/iZUAxf4A0dt5auY6KNZ+cm6aschuJGqKJM3ROTt3raPUdIDk9siAufIFEleRwtw==
  dependencies:
    "@babel/code-frame" "^7.5.5"
    "@babel/generator" "^7.7.2"
    "@babel/helper-function-name" "^7.7.0"
    "@babel/helper-split-export-declaration" "^7.7.0"
    "@babel/parser" "^7.7.2"
    "@babel/types" "^7.7.2"
    debug "^4.1.0"
    globals "^11.1.0"
    lodash "^4.17.13"

"@babel/traverse@^7.7.4", "@babel/traverse@^7.8.4", "@babel/traverse@^7.8.6":
  version "7.8.6"
  resolved "https://registry.yarnpkg.com/@babel/traverse/-/traverse-7.8.6.tgz#acfe0c64e1cd991b3e32eae813a6eb564954b5ff"
  integrity sha512-2B8l0db/DPi8iinITKuo7cbPznLCEk0kCxDoB9/N6gGNg/gxOXiR/IcymAFPiBwk5w6TtQ27w4wpElgp9btR9A==
  dependencies:
    "@babel/code-frame" "^7.8.3"
    "@babel/generator" "^7.8.6"
    "@babel/helper-function-name" "^7.8.3"
    "@babel/helper-split-export-declaration" "^7.8.3"
    "@babel/parser" "^7.8.6"
    "@babel/types" "^7.8.6"
    debug "^4.1.0"
    globals "^11.1.0"
    lodash "^4.17.13"

"@babel/types@^7.0.0", "@babel/types@^7.3.0", "@babel/types@^7.7.0", "@babel/types@^7.7.2":
  version "7.7.2"
  resolved "https://registry.yarnpkg.com/@babel/types/-/types-7.7.2.tgz#550b82e5571dcd174af576e23f0adba7ffc683f7"
  integrity sha512-YTf6PXoh3+eZgRCBzzP25Bugd2ngmpQVrk7kXX0i5N9BO7TFBtIgZYs7WtxtOGs8e6A4ZI7ECkbBCEHeXocvOA==
  dependencies:
    esutils "^2.0.2"
    lodash "^4.17.13"
    to-fast-properties "^2.0.0"

"@babel/types@^7.8.3", "@babel/types@^7.8.6", "@babel/types@^7.8.7":
  version "7.8.7"
  resolved "https://registry.yarnpkg.com/@babel/types/-/types-7.8.7.tgz#1fc9729e1acbb2337d5b6977a63979b4819f5d1d"
  integrity sha512-k2TreEHxFA4CjGkL+GYjRyx35W0Mr7DP5+9q6WMkyKXB+904bYmG40syjMFV0oLlhhFCwWl0vA0DyzTDkwAiJw==
  dependencies:
    esutils "^2.0.2"
    lodash "^4.17.13"
    to-fast-properties "^2.0.0"

"@bcoe/v8-coverage@^0.2.3":
  version "0.2.3"
  resolved "https://registry.yarnpkg.com/@bcoe/v8-coverage/-/v8-coverage-0.2.3.tgz#75a2e8b51cb758a7553d6804a5932d7aace75c39"
  integrity sha512-0hYQ8SB4Db5zvZB4axdMHGwEaQjkZzFjQiN9LVYvIFB2nSUHW9tYpxWriPrWDASIxiaXax83REcLxuSdnGPZtw==

"@cnakazawa/watch@^1.0.3":
  version "1.0.3"
  resolved "https://registry.yarnpkg.com/@cnakazawa/watch/-/watch-1.0.3.tgz#099139eaec7ebf07a27c1786a3ff64f39464d2ef"
  integrity sha512-r5160ogAvGyHsal38Kux7YYtodEKOj89RGb28ht1jh3SJb08VwRwAKKJL0bGb04Zd/3r9FL3BFIc3bBidYffCA==
  dependencies:
    exec-sh "^0.3.2"
    minimist "^1.2.0"

"@hapi/address@^4.0.1":
  version "4.0.1"
  resolved "https://registry.yarnpkg.com/@hapi/address/-/address-4.0.1.tgz#267301ddf7bc453718377a6fb3832a2f04a721dd"
  integrity sha512-0oEP5UiyV4f3d6cBL8F3Z5S7iWSX39Knnl0lY8i+6gfmmIBj44JCBNtcMgwyS+5v7j3VYavNay0NFHDS+UGQcw==
  dependencies:
    "@hapi/hoek" "^9.0.0"

"@hapi/formula@^2.0.0":
  version "2.0.0"
  resolved "https://registry.yarnpkg.com/@hapi/formula/-/formula-2.0.0.tgz#edade0619ed58c8e4f164f233cda70211e787128"
  integrity sha512-V87P8fv7PI0LH7LiVi8Lkf3x+KCO7pQozXRssAHNXXL9L1K+uyu4XypLXwxqVDKgyQai6qj3/KteNlrqDx4W5A==

"@hapi/hoek@^9.0.0":
  version "9.0.0"
  resolved "https://registry.yarnpkg.com/@hapi/hoek/-/hoek-9.0.0.tgz#ba83436edfac1d1ffd0e94797d43419c20ad49b8"
  integrity sha512-XxD4A5YMIH70ddjG7BJBUz7RWVQAwIP/36Eoyh0DsaWp92OAeXkrbtSEaYkynBPTsN9Uv2mZq9QWZYILl2Svrw==

"@hapi/joi@17.1.1":
  version "17.1.1"
  resolved "https://registry.yarnpkg.com/@hapi/joi/-/joi-17.1.1.tgz#9cc8d7e2c2213d1e46708c6260184b447c661350"
  integrity sha512-p4DKeZAoeZW4g3u7ZeRo+vCDuSDgSvtsB/NpfjXEHTUjSeINAi/RrVOWiVQ1isaoLzMvFEhe8n5065mQq1AdQg==
  dependencies:
    "@hapi/address" "^4.0.1"
    "@hapi/formula" "^2.0.0"
    "@hapi/hoek" "^9.0.0"
    "@hapi/pinpoint" "^2.0.0"
    "@hapi/topo" "^5.0.0"

"@hapi/pinpoint@^2.0.0":
  version "2.0.0"
  resolved "https://registry.yarnpkg.com/@hapi/pinpoint/-/pinpoint-2.0.0.tgz#805b40d4dbec04fc116a73089494e00f073de8df"
  integrity sha512-vzXR5MY7n4XeIvLpfl3HtE3coZYO4raKXW766R6DZw/6aLqR26iuZ109K7a0NtF2Db0jxqh7xz2AxkUwpUFybw==

"@hapi/topo@^5.0.0":
  version "5.0.0"
  resolved "https://registry.yarnpkg.com/@hapi/topo/-/topo-5.0.0.tgz#c19af8577fa393a06e9c77b60995af959be721e7"
  integrity sha512-tFJlT47db0kMqVm3H4nQYgn6Pwg10GTZHb1pwmSiv1K4ks6drQOtfEF5ZnPjkvC+y4/bUPHK+bc87QvLcL+WMw==
  dependencies:
    "@hapi/hoek" "^9.0.0"

"@istanbuljs/load-nyc-config@^1.0.0":
  version "1.0.0"
  resolved "https://registry.yarnpkg.com/@istanbuljs/load-nyc-config/-/load-nyc-config-1.0.0.tgz#10602de5570baea82f8afbfa2630b24e7a8cfe5b"
  integrity sha512-ZR0rq/f/E4f4XcgnDvtMWXCUJpi8eO0rssVhmztsZqLIEFA9UUP9zmpE0VxlM+kv/E1ul2I876Fwil2ayptDVg==
  dependencies:
    camelcase "^5.3.1"
    find-up "^4.1.0"
    js-yaml "^3.13.1"
    resolve-from "^5.0.0"

"@istanbuljs/schema@^0.1.2":
  version "0.1.2"
  resolved "https://registry.yarnpkg.com/@istanbuljs/schema/-/schema-0.1.2.tgz#26520bf09abe4a5644cd5414e37125a8954241dd"
  integrity sha512-tsAQNx32a8CoFhjhijUIhI4kccIAgmGhy8LZMZgGfmXcpMbPRUqn5LWmgRttILi6yeGmBJd2xsPkFMs0PzgPCw==

"@jest/console@^25.1.0":
  version "25.1.0"
  resolved "https://registry.yarnpkg.com/@jest/console/-/console-25.1.0.tgz#1fc765d44a1e11aec5029c08e798246bd37075ab"
  integrity sha512-3P1DpqAMK/L07ag/Y9/Jup5iDEG9P4pRAuZiMQnU0JB3UOvCyYCjCoxr7sIA80SeyUCUKrr24fKAxVpmBgQonA==
  dependencies:
    "@jest/source-map" "^25.1.0"
    chalk "^3.0.0"
    jest-util "^25.1.0"
    slash "^3.0.0"

"@jest/core@^25.1.0":
  version "25.1.0"
  resolved "https://registry.yarnpkg.com/@jest/core/-/core-25.1.0.tgz#3d4634fc3348bb2d7532915d67781cdac0869e47"
  integrity sha512-iz05+NmwCmZRzMXvMo6KFipW7nzhbpEawrKrkkdJzgytavPse0biEnCNr2wRlyCsp3SmKaEY+SGv7YWYQnIdig==
  dependencies:
    "@jest/console" "^25.1.0"
    "@jest/reporters" "^25.1.0"
    "@jest/test-result" "^25.1.0"
    "@jest/transform" "^25.1.0"
    "@jest/types" "^25.1.0"
    ansi-escapes "^4.2.1"
    chalk "^3.0.0"
    exit "^0.1.2"
    graceful-fs "^4.2.3"
    jest-changed-files "^25.1.0"
    jest-config "^25.1.0"
    jest-haste-map "^25.1.0"
    jest-message-util "^25.1.0"
    jest-regex-util "^25.1.0"
    jest-resolve "^25.1.0"
    jest-resolve-dependencies "^25.1.0"
    jest-runner "^25.1.0"
    jest-runtime "^25.1.0"
    jest-snapshot "^25.1.0"
    jest-util "^25.1.0"
    jest-validate "^25.1.0"
    jest-watcher "^25.1.0"
    micromatch "^4.0.2"
    p-each-series "^2.1.0"
    realpath-native "^1.1.0"
    rimraf "^3.0.0"
    slash "^3.0.0"
    strip-ansi "^6.0.0"

"@jest/environment@^25.1.0":
  version "25.1.0"
  resolved "https://registry.yarnpkg.com/@jest/environment/-/environment-25.1.0.tgz#4a97f64770c9d075f5d2b662b5169207f0a3f787"
  integrity sha512-cTpUtsjU4cum53VqBDlcW0E4KbQF03Cn0jckGPW/5rrE9tb+porD3+hhLtHAwhthsqfyF+bizyodTlsRA++sHg==
  dependencies:
    "@jest/fake-timers" "^25.1.0"
    "@jest/types" "^25.1.0"
    jest-mock "^25.1.0"

"@jest/fake-timers@^25.1.0":
  version "25.1.0"
  resolved "https://registry.yarnpkg.com/@jest/fake-timers/-/fake-timers-25.1.0.tgz#a1e0eff51ffdbb13ee81f35b52e0c1c11a350ce8"
  integrity sha512-Eu3dysBzSAO1lD7cylZd/CVKdZZ1/43SF35iYBNV1Lvvn2Undp3Grwsv8PrzvbLhqwRzDd4zxrY4gsiHc+wygQ==
  dependencies:
    "@jest/types" "^25.1.0"
    jest-message-util "^25.1.0"
    jest-mock "^25.1.0"
    jest-util "^25.1.0"
    lolex "^5.0.0"

"@jest/reporters@^25.1.0":
  version "25.1.0"
  resolved "https://registry.yarnpkg.com/@jest/reporters/-/reporters-25.1.0.tgz#9178ecf136c48f125674ac328f82ddea46e482b0"
  integrity sha512-ORLT7hq2acJQa8N+NKfs68ZtHFnJPxsGqmofxW7v7urVhzJvpKZG9M7FAcgh9Ee1ZbCteMrirHA3m5JfBtAaDg==
  dependencies:
    "@bcoe/v8-coverage" "^0.2.3"
    "@jest/console" "^25.1.0"
    "@jest/environment" "^25.1.0"
    "@jest/test-result" "^25.1.0"
    "@jest/transform" "^25.1.0"
    "@jest/types" "^25.1.0"
    chalk "^3.0.0"
    collect-v8-coverage "^1.0.0"
    exit "^0.1.2"
    glob "^7.1.2"
    istanbul-lib-coverage "^3.0.0"
    istanbul-lib-instrument "^4.0.0"
    istanbul-lib-report "^3.0.0"
    istanbul-lib-source-maps "^4.0.0"
    istanbul-reports "^3.0.0"
    jest-haste-map "^25.1.0"
    jest-resolve "^25.1.0"
    jest-runtime "^25.1.0"
    jest-util "^25.1.0"
    jest-worker "^25.1.0"
    slash "^3.0.0"
    source-map "^0.6.0"
    string-length "^3.1.0"
    terminal-link "^2.0.0"
    v8-to-istanbul "^4.0.1"
  optionalDependencies:
    node-notifier "^6.0.0"

"@jest/source-map@^25.1.0":
  version "25.1.0"
  resolved "https://registry.yarnpkg.com/@jest/source-map/-/source-map-25.1.0.tgz#b012e6c469ccdbc379413f5c1b1ffb7ba7034fb0"
  integrity sha512-ohf2iKT0xnLWcIUhL6U6QN+CwFWf9XnrM2a6ybL9NXxJjgYijjLSitkYHIdzkd8wFliH73qj/+epIpTiWjRtAA==
  dependencies:
    callsites "^3.0.0"
    graceful-fs "^4.2.3"
    source-map "^0.6.0"

"@jest/test-result@^25.1.0":
  version "25.1.0"
  resolved "https://registry.yarnpkg.com/@jest/test-result/-/test-result-25.1.0.tgz#847af2972c1df9822a8200457e64be4ff62821f7"
  integrity sha512-FZzSo36h++U93vNWZ0KgvlNuZ9pnDnztvaM7P/UcTx87aPDotG18bXifkf1Ji44B7k/eIatmMzkBapnAzjkJkg==
  dependencies:
    "@jest/console" "^25.1.0"
    "@jest/transform" "^25.1.0"
    "@jest/types" "^25.1.0"
    "@types/istanbul-lib-coverage" "^2.0.0"
    collect-v8-coverage "^1.0.0"

"@jest/test-sequencer@^25.1.0":
  version "25.1.0"
  resolved "https://registry.yarnpkg.com/@jest/test-sequencer/-/test-sequencer-25.1.0.tgz#4df47208542f0065f356fcdb80026e3c042851ab"
  integrity sha512-WgZLRgVr2b4l/7ED1J1RJQBOharxS11EFhmwDqknpknE0Pm87HLZVS2Asuuw+HQdfQvm2aXL2FvvBLxOD1D0iw==
  dependencies:
    "@jest/test-result" "^25.1.0"
    jest-haste-map "^25.1.0"
    jest-runner "^25.1.0"
    jest-runtime "^25.1.0"

"@jest/transform@^25.1.0":
  version "25.1.0"
  resolved "https://registry.yarnpkg.com/@jest/transform/-/transform-25.1.0.tgz#221f354f512b4628d88ce776d5b9e601028ea9da"
  integrity sha512-4ktrQ2TPREVeM+KxB4zskAT84SnmG1vaz4S+51aTefyqn3zocZUnliLLm5Fsl85I3p/kFPN4CRp1RElIfXGegQ==
  dependencies:
    "@babel/core" "^7.1.0"
    "@jest/types" "^25.1.0"
    babel-plugin-istanbul "^6.0.0"
    chalk "^3.0.0"
    convert-source-map "^1.4.0"
    fast-json-stable-stringify "^2.0.0"
    graceful-fs "^4.2.3"
    jest-haste-map "^25.1.0"
    jest-regex-util "^25.1.0"
    jest-util "^25.1.0"
    micromatch "^4.0.2"
    pirates "^4.0.1"
    realpath-native "^1.1.0"
    slash "^3.0.0"
    source-map "^0.6.1"
    write-file-atomic "^3.0.0"

"@jest/types@^25.1.0":
  version "25.1.0"
  resolved "https://registry.yarnpkg.com/@jest/types/-/types-25.1.0.tgz#b26831916f0d7c381e11dbb5e103a72aed1b4395"
  integrity sha512-VpOtt7tCrgvamWZh1reVsGADujKigBUFTi19mlRjqEGsE8qH4r3s+skY33dNdXOwyZIvuftZ5tqdF1IgsMejMA==
  dependencies:
    "@types/istanbul-lib-coverage" "^2.0.0"
    "@types/istanbul-reports" "^1.1.1"
    "@types/yargs" "^15.0.0"
    chalk "^3.0.0"

"@octokit/app@^4.0.0":
  version "4.1.0"
  resolved "https://registry.yarnpkg.com/@octokit/app/-/app-4.1.0.tgz#1fc147ca4278e4815cc33cf1d0c2867fe5a9feaf"
  integrity sha512-V8/JIviFsa1p2tWzOveJYJm42Mm7aELR+beXvx3EUZ3kCTQnNsM/FbQ3YV+I5UlBo0XmtmqNr31LrMoRj218qw==
  dependencies:
    "@octokit/request" "^5.0.0"
    jsonwebtoken "^8.3.0"
    lru-cache "^5.1.1"

"@octokit/endpoint@^5.5.0":
  version "5.5.1"
  resolved "https://registry.yarnpkg.com/@octokit/endpoint/-/endpoint-5.5.1.tgz#2eea81e110ca754ff2de11c79154ccab4ae16b3f"
  integrity sha512-nBFhRUb5YzVTCX/iAK1MgQ4uWo89Gu0TH00qQHoYRCsE12dWcG1OiLd7v2EIo2+tpUKPMOQ62QFy9hy9Vg2ULg==
  dependencies:
    "@octokit/types" "^2.0.0"
    is-plain-object "^3.0.0"
    universal-user-agent "^4.0.0"

"@octokit/graphql@^4.2.0":
  version "4.3.1"
  resolved "https://registry.yarnpkg.com/@octokit/graphql/-/graphql-4.3.1.tgz#9ee840e04ed2906c7d6763807632de84cdecf418"
  integrity sha512-hCdTjfvrK+ilU2keAdqNBWOk+gm1kai1ZcdjRfB30oA3/T6n53UVJb7w0L5cR3/rhU91xT3HSqCd+qbvH06yxA==
  dependencies:
    "@octokit/request" "^5.3.0"
    "@octokit/types" "^2.0.0"
    universal-user-agent "^4.0.0"

"@octokit/plugin-enterprise-compatibility@^1.2.1":
  version "1.2.1"
  resolved "https://registry.yarnpkg.com/@octokit/plugin-enterprise-compatibility/-/plugin-enterprise-compatibility-1.2.1.tgz#ea8fa7fd4b04fac2289bac1d63791c77a23a74fb"
  integrity sha512-c77pFG3CyxhQbu2B80TI/GVA0ex9krEAyBbdMGn8h8EtZoldK+4Bru2ecdFKfy5xi8RlmzIXIeTwi6wApd5/VQ==
  dependencies:
    "@octokit/request-error" "^1.2.0"
    "@octokit/types" "^2.0.1"

"@octokit/plugin-retry@^2.1.1":
  version "2.2.0"
  resolved "https://registry.yarnpkg.com/@octokit/plugin-retry/-/plugin-retry-2.2.0.tgz#11f3957a46ccdb7b7f33caabf8c17e57b25b80b2"
  integrity sha512-x5Kd8Lke+a4hTDCe5akZxpGmVwu1eeVt2FJX0jeo3CxHGbfHbXb4zhN5quKfGL9oBLV/EdHQIJ6zwIMjuzxOlw==
  dependencies:
    bottleneck "^2.15.3"

"@octokit/plugin-retry@^3.0.1":
  version "3.0.1"
  resolved "https://registry.yarnpkg.com/@octokit/plugin-retry/-/plugin-retry-3.0.1.tgz#4f17e4349b89754fd06951b548f08e2d8e7dd311"
  integrity sha512-X+VALkeYyE4XGMHOoOnRS1/OvwvleZ2Xe3yxshaAKJrA4pbjBYptDx7IAY9xQj5JYY9vlCKUsXEZMWLRNxfViw==
  dependencies:
    "@octokit/types" "^2.0.1"
    bottleneck "^2.15.3"

"@octokit/plugin-throttling@^2.3.0":
  version "2.7.0"
  resolved "https://registry.yarnpkg.com/@octokit/plugin-throttling/-/plugin-throttling-2.7.0.tgz#ddff45c3465809799b8fde7c0f8a39e89d80a174"
  integrity sha512-NMx7LI+eHu9tSb9U5s/OuGi/fIX7GUzfPJy00g2EJstt35Dug2cytA1P4WXxG1GSjUuZgalUfLg0G+nZKpaVpw==
  dependencies:
    bottleneck "^2.15.3"

"@octokit/plugin-throttling@^3.0.0":
  version "3.0.0"
  resolved "https://registry.yarnpkg.com/@octokit/plugin-throttling/-/plugin-throttling-3.0.0.tgz#62fd39cb7ca49e00df52359333a1a774023f24d3"
  integrity sha512-46UFCQ7TVBwddClS9H4rO/mKTmjK6P9Zs5H/Lj5VzBDDmBtC86k9PL4ygZjDo0znj5Cn8cvocUFYQBNf6El1rw==
  dependencies:
    "@octokit/types" "^2.0.1"
    bottleneck "^2.15.3"

"@octokit/request-error@^1.0.1", "@octokit/request-error@^1.0.2", "@octokit/request-error@^1.2.0":
  version "1.2.0"
  resolved "https://registry.yarnpkg.com/@octokit/request-error/-/request-error-1.2.0.tgz#a64d2a9d7a13555570cd79722de4a4d76371baaa"
  integrity sha512-DNBhROBYjjV/I9n7A8kVkmQNkqFAMem90dSxqvPq57e2hBr7mNTX98y3R2zDpqMQHVRpBDjsvsfIGgBzy+4PAg==
  dependencies:
    "@octokit/types" "^2.0.0"
    deprecation "^2.0.0"
    once "^1.4.0"

"@octokit/request@^5.0.0", "@octokit/request@^5.1.0", "@octokit/request@^5.2.0", "@octokit/request@^5.3.0":
  version "5.3.1"
  resolved "https://registry.yarnpkg.com/@octokit/request/-/request-5.3.1.tgz#3a1ace45e6f88b1be4749c5da963b3a3b4a2f120"
  integrity sha512-5/X0AL1ZgoU32fAepTfEoggFinO3rxsMLtzhlUX+RctLrusn/CApJuGFCd0v7GMFhF+8UiCsTTfsu7Fh1HnEJg==
  dependencies:
    "@octokit/endpoint" "^5.5.0"
    "@octokit/request-error" "^1.0.1"
    "@octokit/types" "^2.0.0"
    deprecation "^2.0.0"
    is-plain-object "^3.0.0"
    node-fetch "^2.3.0"
    once "^1.4.0"
    universal-user-agent "^4.0.0"

"@octokit/rest@16.36.0":
  version "16.36.0"
  resolved "https://registry.yarnpkg.com/@octokit/rest/-/rest-16.36.0.tgz#99892c57ba632c2a7b21845584004387b56c2cb7"
  integrity sha512-zoZj7Ya4vWBK4fjTwK2Cnmu7XBB1p9ygSvTk2TthN6DVJXM4hQZQoAiknWFLJWSTix4dnA3vuHtjPZbExYoCZA==
  dependencies:
    "@octokit/request" "^5.2.0"
    "@octokit/request-error" "^1.0.2"
    atob-lite "^2.0.0"
    before-after-hook "^2.0.0"
    btoa-lite "^1.0.0"
    deprecation "^2.0.0"
    lodash.get "^4.4.2"
    lodash.set "^4.3.2"
    lodash.uniq "^4.5.0"
    octokit-pagination-methods "^1.1.0"
    once "^1.4.0"
    universal-user-agent "^4.0.0"

"@octokit/rest@^16.29.0":
  version "16.35.0"
  resolved "https://registry.yarnpkg.com/@octokit/rest/-/rest-16.35.0.tgz#7ccc1f802f407d5b8eb21768c6deca44e7b4c0d8"
  integrity sha512-9ShFqYWo0CLoGYhA1FdtdykJuMzS/9H6vSbbQWDX4pWr4p9v+15MsH/wpd/3fIU+tSxylaNO48+PIHqOkBRx3w==
  dependencies:
    "@octokit/request" "^5.2.0"
    "@octokit/request-error" "^1.0.2"
    atob-lite "^2.0.0"
    before-after-hook "^2.0.0"
    btoa-lite "^1.0.0"
    deprecation "^2.0.0"
    lodash.get "^4.4.2"
    lodash.set "^4.3.2"
    lodash.uniq "^4.5.0"
    octokit-pagination-methods "^1.1.0"
    once "^1.4.0"
    universal-user-agent "^4.0.0"

"@octokit/types@^2.0.0", "@octokit/types@^2.0.1":
  version "2.0.1"
  resolved "https://registry.yarnpkg.com/@octokit/types/-/types-2.0.1.tgz#0caf0364e010296265621593ac9a37f40ef75dad"
  integrity sha512-YDYgV6nCzdGdOm7wy43Ce8SQ3M5DMKegB8E5sTB/1xrxOdo2yS/KgUgML2N2ZGD621mkbdrAglwTyA4NDOlFFA==
  dependencies:
    "@types/node" ">= 8"

"@octokit/webhooks@^6.0.0":
  version "6.3.2"
  resolved "https://registry.yarnpkg.com/@octokit/webhooks/-/webhooks-6.3.2.tgz#72e940a0a1d19bd5afc2002d2a656dc1233c69df"
  integrity sha512-qirhkNoOWwQF0IHZ+9nobfcM/LMRhsJ2FUrexzzJZIDTXLAGZLVpUnXUZ86hSlYfCluyTccIFOz+SFFzodft0g==
  dependencies:
    debug "^4.0.0"

"@samverschueren/stream-to-observable@^0.3.0":
  version "0.3.0"
  resolved "https://registry.yarnpkg.com/@samverschueren/stream-to-observable/-/stream-to-observable-0.3.0.tgz#ecdf48d532c58ea477acfcab80348424f8d0662f"
  integrity sha512-MI4Xx6LHs4Webyvi6EbspgyAb4D2Q2VtnCQ1blOJcoLS6mVa8lNN2rkIy1CVxfTUpoyIbCTkXES1rLXztFD1lg==
  dependencies:
    any-observable "^0.3.0"

"@sindresorhus/is@^0.14.0":
  version "0.14.0"
  resolved "https://registry.yarnpkg.com/@sindresorhus/is/-/is-0.14.0.tgz#9fb3a3cf3132328151f353de4632e01e52102bea"
  integrity sha512-9NET910DNaIPngYnLLPeg+Ogzqsi9uM4mSboU5y6p8S5DzMTVEsJZrawi+BoDNUVBa2DhJqQYUFvMDfgU062LQ==

"@sinonjs/commons@^1.7.0":
  version "1.7.1"
  resolved "https://registry.yarnpkg.com/@sinonjs/commons/-/commons-1.7.1.tgz#da5fd19a5f71177a53778073978873964f49acf1"
  integrity sha512-Debi3Baff1Qu1Unc3mjJ96MgpbwTn43S1+9yJ0llWygPwDNu2aaWBD6yc9y/Z8XDRNhx7U+u2UDg2OGQXkclUQ==
  dependencies:
    type-detect "4.0.8"

"@szmarczak/http-timer@^1.1.2":
  version "1.1.2"
  resolved "https://registry.yarnpkg.com/@szmarczak/http-timer/-/http-timer-1.1.2.tgz#b1665e2c461a2cd92f4c1bbf50d5454de0d4b421"
  integrity sha512-XIB2XbzHTN6ieIjfIMV9hlVcfPU26s2vafYWQcZHWXHOxiaRZYEDKEwdl129Zyg50+foYV2jCgtrqSA6qNuNSA==
  dependencies:
    defer-to-connect "^1.0.1"

"@tootallnate/once@1":
  version "1.0.0"
  resolved "https://registry.yarnpkg.com/@tootallnate/once/-/once-1.0.0.tgz#9c13c2574c92d4503b005feca8f2e16cc1611506"
  integrity sha512-KYyTT/T6ALPkIRd2Ge080X/BsXvy9O0hcWTtMWkPvwAwF99+vn6Dv4GzrFT/Nn1LePr+FFDbRXXlqmsy9lw2zA==

"@types/babel__core@^7.1.0":
  version "7.1.3"
  resolved "https://registry.yarnpkg.com/@types/babel__core/-/babel__core-7.1.3.tgz#e441ea7df63cd080dfcd02ab199e6d16a735fc30"
  integrity sha512-8fBo0UR2CcwWxeX7WIIgJ7lXjasFxoYgRnFHUj+hRvKkpiBJbxhdAPTCY6/ZKM0uxANFVzt4yObSLuTiTnazDA==
  dependencies:
    "@babel/parser" "^7.1.0"
    "@babel/types" "^7.0.0"
    "@types/babel__generator" "*"
    "@types/babel__template" "*"
    "@types/babel__traverse" "*"

"@types/babel__generator@*":
  version "7.6.0"
  resolved "https://registry.yarnpkg.com/@types/babel__generator/-/babel__generator-7.6.0.tgz#f1ec1c104d1bb463556ecb724018ab788d0c172a"
  integrity sha512-c1mZUu4up5cp9KROs/QAw0gTeHrw/x7m52LcnvMxxOZ03DmLwPV0MlGmlgzV3cnSdjhJOZsj7E7FHeioai+egw==
  dependencies:
    "@babel/types" "^7.0.0"

"@types/babel__template@*":
  version "7.0.2"
  resolved "https://registry.yarnpkg.com/@types/babel__template/-/babel__template-7.0.2.tgz#4ff63d6b52eddac1de7b975a5223ed32ecea9307"
  integrity sha512-/K6zCpeW7Imzgab2bLkLEbz0+1JlFSrUMdw7KoIIu+IUdu51GWaBZpd3y1VXGVXzynvGa4DaIaxNZHiON3GXUg==
  dependencies:
    "@babel/parser" "^7.1.0"
    "@babel/types" "^7.0.0"

"@types/babel__traverse@*", "@types/babel__traverse@^7.0.6":
  version "7.0.7"
  resolved "https://registry.yarnpkg.com/@types/babel__traverse/-/babel__traverse-7.0.7.tgz#2496e9ff56196cc1429c72034e07eab6121b6f3f"
  integrity sha512-CeBpmX1J8kWLcDEnI3Cl2Eo6RfbGvzUctA+CjZUhOKDFbLfcr7fc4usEqLNWetrlJd7RhAkyYe2czXop4fICpw==
  dependencies:
    "@babel/types" "^7.3.0"

"@types/body-parser@*":
  version "1.17.1"
  resolved "https://registry.yarnpkg.com/@types/body-parser/-/body-parser-1.17.1.tgz#18fcf61768fb5c30ccc508c21d6fd2e8b3bf7897"
  integrity sha512-RoX2EZjMiFMjZh9lmYrwgoP9RTpAjSHiJxdp4oidAQVO02T7HER3xj9UKue5534ULWeqVEkujhWcyvUce+d68w==
  dependencies:
    "@types/connect" "*"
    "@types/node" "*"

"@types/body-parser@1.19.0":
  version "1.19.0"
  resolved "https://registry.yarnpkg.com/@types/body-parser/-/body-parser-1.19.0.tgz#0685b3c47eb3006ffed117cdd55164b61f80538f"
  integrity sha512-W98JrE0j2K78swW4ukqMleo8R7h/pFETjM2DQ90MF6XK2i4LO4W3gQ71Lt4w3bfm2EvVSyWHplECvB5sK22yFQ==
  dependencies:
    "@types/connect" "*"
    "@types/node" "*"

"@types/btoa@1.2.3":
  version "1.2.3"
  resolved "https://registry.yarnpkg.com/@types/btoa/-/btoa-1.2.3.tgz#2c8e7093f902bf8f0e10992a731a4996aa1a5732"
  integrity sha512-ANNCZICS/ofxhzUl8V1DniBJs+sFQ+Yg5am1ZwVEf/sxoKY/J2+h5Fuw3xUErlZ7eJLdgzukBjZwnsV6+/2Rmg==
  dependencies:
    "@types/node" "*"

"@types/bunyan@1.8.6":
  version "1.8.6"
  resolved "https://registry.yarnpkg.com/@types/bunyan/-/bunyan-1.8.6.tgz#6527641cca30bedec5feb9ab527b7803b8000582"
  integrity sha512-YiozPOOsS6bIuz31ilYqR5SlLif4TBWsousN2aCWLi5233nZSX19tFbcQUPdR7xJ8ypPyxkCGNxg0CIV5n9qxQ==
  dependencies:
    "@types/node" "*"

"@types/caseless@*":
  version "0.12.2"
  resolved "https://registry.yarnpkg.com/@types/caseless/-/caseless-0.12.2.tgz#f65d3d6389e01eeb458bd54dc8f52b95a9463bc8"
  integrity sha512-6ckxMjBBD8URvjB6J3NcnuAn5Pkl7t3TizAg+xdlzzQGSPSmBcXf8KoIH0ua/i+tio+ZRUHEXp0HEmvaR4kt0w==

"@types/color-name@^1.1.1":
  version "1.1.1"
  resolved "https://registry.yarnpkg.com/@types/color-name/-/color-name-1.1.1.tgz#1c1261bbeaa10a8055bbc5d8ab84b7b2afc846a0"
  integrity sha512-rr+OQyAjxze7GgWrSaJwydHStIhHq2lvY3BOC2Mj7KnzI7XK0Uw1TOOdI9lDoajEbSWLiYgoo4f1R51erQfhPQ==

"@types/connect@*":
  version "3.4.32"
  resolved "https://registry.yarnpkg.com/@types/connect/-/connect-3.4.32.tgz#aa0e9616b9435ccad02bc52b5b454ffc2c70ba28"
  integrity sha512-4r8qa0quOvh7lGD0pre62CAb1oni1OO6ecJLGCezTmhQ8Fz50Arx9RUszryR8KlgK6avuSXvviL6yWyViQABOg==
  dependencies:
    "@types/node" "*"

"@types/express-serve-static-core@*":
  version "4.17.0"
  resolved "https://registry.yarnpkg.com/@types/express-serve-static-core/-/express-serve-static-core-4.17.0.tgz#e80c25903df5800e926402b7e8267a675c54a281"
  integrity sha512-Xnub7w57uvcBqFdIGoRg1KhNOeEj0vB6ykUM7uFWyxvbdE89GFyqgmUcanAriMr4YOxNFZBAWkfcWIb4WBPt3g==
  dependencies:
    "@types/node" "*"
    "@types/range-parser" "*"

"@types/express@4.17.3":
  version "4.17.3"
  resolved "https://registry.yarnpkg.com/@types/express/-/express-4.17.3.tgz#38e4458ce2067873b09a73908df488870c303bd9"
  integrity sha512-I8cGRJj3pyOLs/HndoP+25vOqhqWkAZsWMEmq1qXy/b/M3ppufecUwaK2/TVDVxcV61/iSdhykUjQQ2DLSrTdg==
  dependencies:
    "@types/body-parser" "*"
    "@types/express-serve-static-core" "*"
    "@types/serve-static" "*"

"@types/hapi__joi@16.0.12":
  version "16.0.12"
  resolved "https://registry.yarnpkg.com/@types/hapi__joi/-/hapi__joi-16.0.12.tgz#fb9113f17cf5764d6b3586ae9817d1606cc7c90c"
  integrity sha512-xJYifuz59jXdWY5JMS15uvA3ycS3nQYOGqoIIE0+fwQ0qI3/4CxBc6RHsOTp6wk9M0NWEdpcTl02lOQOKMifbQ==

"@types/ioredis@4.14.9":
  version "4.14.9"
  resolved "https://registry.yarnpkg.com/@types/ioredis/-/ioredis-4.14.9.tgz#774387d44d3ad60e1b849044b2b28b96e5813866"
  integrity sha512-yNdzppM6vY4DYqXCnt4A3PXArxsMWeJCYxFlyl4AJKrNSGMEAP9TPcXR+8Q6zh9glcCtxmwMQhi4pwdqqHH3OA==
  dependencies:
    "@types/node" "*"

"@types/istanbul-lib-coverage@*", "@types/istanbul-lib-coverage@^2.0.0", "@types/istanbul-lib-coverage@^2.0.1":
  version "2.0.1"
  resolved "https://registry.yarnpkg.com/@types/istanbul-lib-coverage/-/istanbul-lib-coverage-2.0.1.tgz#42995b446db9a48a11a07ec083499a860e9138ff"
  integrity sha512-hRJD2ahnnpLgsj6KWMYSrmXkM3rm2Dl1qkx6IOFD5FnuNPXJIG5L0dhgKXCYTRMGzU4n0wImQ/xfmRc4POUFlg==

"@types/istanbul-lib-report@*":
  version "1.1.1"
  resolved "https://registry.yarnpkg.com/@types/istanbul-lib-report/-/istanbul-lib-report-1.1.1.tgz#e5471e7fa33c61358dd38426189c037a58433b8c"
  integrity sha512-3BUTyMzbZa2DtDI2BkERNC6jJw2Mr2Y0oGI7mRxYNBPxppbtEK1F66u3bKwU2g+wxwWI7PAoRpJnOY1grJqzHg==
  dependencies:
    "@types/istanbul-lib-coverage" "*"

"@types/istanbul-reports@^1.1.1":
  version "1.1.1"
  resolved "https://registry.yarnpkg.com/@types/istanbul-reports/-/istanbul-reports-1.1.1.tgz#7a8cbf6a406f36c8add871625b278eaf0b0d255a"
  integrity sha512-UpYjBi8xefVChsCoBpKShdxTllC9pwISirfoZsUa2AAdQg/Jd2KQGtSbw+ya7GPo7x/wAPlH6JBhKhAsXUEZNA==
  dependencies:
    "@types/istanbul-lib-coverage" "*"
    "@types/istanbul-lib-report" "*"

"@types/jest@25.1.4":
  version "25.1.4"
  resolved "https://registry.yarnpkg.com/@types/jest/-/jest-25.1.4.tgz#9e9f1e59dda86d3fd56afce71d1ea1b331f6f760"
  integrity sha512-QDDY2uNAhCV7TMCITrxz+MRk1EizcsevzfeS6LykIlq2V1E5oO4wXG8V2ZEd9w7Snxeeagk46YbMgZ8ESHx3sw==
  dependencies:
    jest-diff "^25.1.0"
    pretty-format "^25.1.0"

"@types/js-yaml@3.12.2":
  version "3.12.2"
  resolved "https://registry.yarnpkg.com/@types/js-yaml/-/js-yaml-3.12.2.tgz#a35a1809c33a68200fb6403d1ad708363c56470a"
  integrity sha512-0CFu/g4mDSNkodVwWijdlr8jH7RoplRWNgovjFLEZeT+QEbbZXjBmCe3HwaWheAlCbHwomTwzZoSedeOycABug==